
Microsoft Visual Studio Solution File, Format Version 12.00
# Visual Studio Version 17
VisualStudioVersion = 17.10.35027.167
MinimumVisualStudioVersion = 10.0.40219.1
Project("{FAE04EC0-301F-11D3-BF4B-00C04F79EFBC}") = "OOP2-A2", "OOP2-A2.csproj", "{BC4DA9FD-F376-42D8-8596-23ED8A2212BB}"
EndProject
Global
	GlobalSection(SolutionConfigurationPlatforms) = preSolution
		Debug|Any CPU = Debug|Any CPU
		Release|Any CPU = Release|Any CPU
	EndGlobalSection
	GlobalSection(ProjectConfigurationPlatforms) = postSolution
		{BC4DA9FD-F376-42D8-8596-23ED8A2212BB}.Debug|Any CPU.ActiveCfg = Debug|Any CPU
		{BC4DA9FD-F376-42D8-8596-23ED8A2212BB}.Debug|Any CPU.Build.0 = Debug|Any CPU
		{BC4DA9FD-F376-42D8-8596-23ED8A2212BB}.Debug|Any CPU.Deploy.0 = Debug|Any CPU
		{BC4DA9FD-F376-42D8-8596-23ED8A2212BB}.Release|Any CPU.ActiveCfg = Release|Any CPU
		{BC4DA9FD-F376-42D8-8596-23ED8A2212BB}.Release|Any CPU.Build.0 = Release|Any CPU
		{BC4DA9FD-F376-42D8-8596-23ED8A2212BB}.Release|Any CPU.Deploy.0 = Release|Any CPU
	EndGlobalSection
	GlobalSection(SolutionProperties) = preSolution
		HideSolutionNode = FALSE
	EndGlobalSection
	GlobalSection(ExtensibilityGlobals) = postSolution
		SolutionGuid = {A076EE4B-5C60-4CE4-9920-A32CB0309DAB}
	EndGlobalSection
EndGlobal
